
Microsoft Visual Studio Solution File, Format Version 12.00
# Visual Studio 15
VisualStudioVersion = 15.0.27004.2008
MinimumVisualStudioVersion = 10.0.40219.1
Project("{FAE04EC0-301F-11D3-BF4B-00C04F79EFBC}") = "SchoolTracker", "SchoolTracker\SchoolTracker.csproj", "{535C1E7C-916C-4BE0-AEC7-F15DD0448CE2}"
EndProject
Global
	GlobalSection(SolutionConfigurationPlatforms) = preSolution
		Debug|Any CPU = Debug|Any CPU
		Release|Any CPU = Release|Any CPU
	EndGlobalSection
	GlobalSection(ProjectConfigurationPlatforms) = postSolution
		{535C1E7C-916C-4BE0-AEC7-F15DD0448CE2}.Debug|Any CPU.ActiveCfg = Debug|Any CPU
		{535C1E7C-916C-4BE0-AEC7-F15DD0448CE2}.Debug|Any CPU.Build.0 = Debug|Any CPU
		{535C1E7C-916C-4BE0-AEC7-F15DD0448CE2}.Release|Any CPU.ActiveCfg = Release|Any CPU
		{535C1E7C-916C-4BE0-AEC7-F15DD0448CE2}.Release|Any CPU.Build.0 = Release|Any CPU
	EndGlobalSection
	GlobalSection(SolutionProperties) = preSolution
		HideSolutionNode = FALSE
	EndGlobalSection
	GlobalSection(ExtensibilityGlobals) = postSolution
		SolutionGuid = {F7304EF0-7DDE-4B57-BBE6-B20F316C2DAC}
	EndGlobalSection
EndGlobal
